// !$*UTF8*$!
{
	archiveVersion = 1;
	classes = {
	};
	objectVersion = 46;
	objects = {

/* Begin PBXBuildFile section */
		5A4160503A10716081F9A2F3 /* Main-Interactor.swift in Sources */ = {isa = PBXBuildFile; fileRef = 5A416F1104FCE8957B6C8CAE /* Main-Interactor.swift */; };
		5A4160AEE6AADB4FB4EC7806 /* Main-Servicefactory.swift in Sources */ = {isa = PBXBuildFile; fileRef = 5A4168D3E6BA5182F31D9B0C /* Main-Servicefactory.swift */; };
		5A416FFD3D6762D15CBA0263 /* Main-Servicefactory.swift in Sources */ = {isa = PBXBuildFile; fileRef = 5A4168D3E6BA5182F31D9B0C /* Main-Servicefactory.swift */; };
		8313A9D11BDA0AB7005B365C /* AppDelegate.swift in Sources */ = {isa = PBXBuildFile; fileRef = 8313A9D01BDA0AB7005B365C /* AppDelegate.swift */; };
		8313A9D51BDA0AB7005B365C /* Assets.xcassets in Resources */ = {isa = PBXBuildFile; fileRef = 8313A9D41BDA0AB7005B365C /* Assets.xcassets */; };
		8313A9D81BDA0AB7005B365C /* Main.storyboard in Resources */ = {isa = PBXBuildFile; fileRef = 8313A9D61BDA0AB7005B365C /* Main.storyboard */; };
		83481DD81BE9E8B100C1CF58 /* Mocked.swift in Sources */ = {isa = PBXBuildFile; fileRef = 83481DD71BE9E8B100C1CF58 /* Mocked.swift */; };
		83481DDA1BE9E9B400C1CF58 /* DT2.swift in Sources */ = {isa = PBXBuildFile; fileRef = 83481DD91BE9E9B400C1CF58 /* DT2.swift */; };
		83481DDC1BE9EA5900C1CF58 /* Main-Boundry.swift in Sources */ = {isa = PBXBuildFile; fileRef = 83481DDB1BE9EA5900C1CF58 /* Main-Boundry.swift */; };
		83481DDD1BE9EC2600C1CF58 /* Main-Boundry.swift in Sources */ = {isa = PBXBuildFile; fileRef = 83481DDB1BE9EA5900C1CF58 /* Main-Boundry.swift */; };
		83481DE01BE9EE0700C1CF58 /* API_Gist.swift in Sources */ = {isa = PBXBuildFile; fileRef = 83481DDF1BE9EE0700C1CF58 /* API_Gist.swift */; };
		83481DE11BE9EE2300C1CF58 /* API_Gist.swift in Sources */ = {isa = PBXBuildFile; fileRef = 83481DDF1BE9EE0700C1CF58 /* API_Gist.swift */; };
		83481DE31BE9EE5000C1CF58 /* API_Boundry.swift in Sources */ = {isa = PBXBuildFile; fileRef = 83481DE21BE9EE5000C1CF58 /* API_Boundry.swift */; };
		83481DE41BE9FE3800C1CF58 /* API_Boundry.swift in Sources */ = {isa = PBXBuildFile; fileRef = 83481DE21BE9EE5000C1CF58 /* API_Boundry.swift */; };
		83481DE61BEA09F200C1CF58 /* API_Mock.swift in Sources */ = {isa = PBXBuildFile; fileRef = 83481DE51BEA09F200C1CF58 /* API_Mock.swift */; };
		83481DE71BEA0A5300C1CF58 /* API_Mock.swift in Sources */ = {isa = PBXBuildFile; fileRef = 83481DE51BEA09F200C1CF58 /* API_Mock.swift */; };
		8373D8761BDF72C10018B0ED /* Main-Protocols.swift in Sources */ = {isa = PBXBuildFile; fileRef = 8373D8751BDF72C10018B0ED /* Main-Protocols.swift */; };
		8373D8781BDF72C60018B0ED /* Main.swift in Sources */ = {isa = PBXBuildFile; fileRef = 8373D8771BDF72C60018B0ED /* Main.swift */; };
		8373D87D1BDF730F0018B0ED /* Preferences.swift in Sources */ = {isa = PBXBuildFile; fileRef = 8373D87C1BDF730F0018B0ED /* Preferences.swift */; };
		8373D87F1BDF74060018B0ED /* Preferences-Protocols.swift in Sources */ = {isa = PBXBuildFile; fileRef = 8373D87E1BDF74060018B0ED /* Preferences-Protocols.swift */; };
		8373D8811BDFB18E0018B0ED /* MainWindow.xib in Resources */ = {isa = PBXBuildFile; fileRef = 8373D8801BDFB18E0018B0ED /* MainWindow.xib */; };
		8373D8831BDFE5670018B0ED /* PreferencesWindow.xib in Resources */ = {isa = PBXBuildFile; fileRef = 8373D8821BDFE5670018B0ED /* PreferencesWindow.xib */; };
		8373D8861BDFFE5C0018B0ED /* Datamanagers.swift in Sources */ = {isa = PBXBuildFile; fileRef = 8373D8851BDFFE5C0018B0ED /* Datamanagers.swift */; };
		837905CB1BE22BF60090E0ED /* Utilities.swift in Sources */ = {isa = PBXBuildFile; fileRef = 837905CA1BE22BF60090E0ED /* Utilities.swift */; };
		837905CD1BE25F4F0090E0ED /* Preferences-Interactor.swift in Sources */ = {isa = PBXBuildFile; fileRef = 837905CC1BE25F4F0090E0ED /* Preferences-Interactor.swift */; };
		838CE9BB1BE35E8000034AFD /* ReactiveCocoa.framework in Frameworks */ = {isa = PBXBuildFile; fileRef = 8396F0101BE35728007DF30B /* ReactiveCocoa.framework */; };
		838CE9BC1BE35E8000034AFD /* Result.framework in Frameworks */ = {isa = PBXBuildFile; fileRef = 8396F0111BE35728007DF30B /* Result.framework */; };
		8396F0051BE2D69C007DF30B /* Main-Protocols.swift in Sources */ = {isa = PBXBuildFile; fileRef = 8373D8751BDF72C10018B0ED /* Main-Protocols.swift */; };
		8396F0061BE2D69C007DF30B /* Main.swift in Sources */ = {isa = PBXBuildFile; fileRef = 8373D8771BDF72C60018B0ED /* Main.swift */; };
		8396F0071BE2D69C007DF30B /* Main-Interactor.swift in Sources */ = {isa = PBXBuildFile; fileRef = 5A416F1104FCE8957B6C8CAE /* Main-Interactor.swift */; };
		8396F0081BE2D6F5007DF30B /* Utilities.swift in Sources */ = {isa = PBXBuildFile; fileRef = 837905CA1BE22BF60090E0ED /* Utilities.swift */; };
		8396F0091BE2D6F5007DF30B /* Datamanagers.swift in Sources */ = {isa = PBXBuildFile; fileRef = 8373D8851BDFFE5C0018B0ED /* Datamanagers.swift */; };
		8396F00A1BE2D78E007DF30B /* Preferences-Protocols.swift in Sources */ = {isa = PBXBuildFile; fileRef = 8373D87E1BDF74060018B0ED /* Preferences-Protocols.swift */; };
		8396F00B1BE2D78E007DF30B /* Preferences.swift in Sources */ = {isa = PBXBuildFile; fileRef = 8373D87C1BDF730F0018B0ED /* Preferences.swift */; };
		8396F00C1BE2D78E007DF30B /* Preferences-Interactor.swift in Sources */ = {isa = PBXBuildFile; fileRef = 837905CC1BE25F4F0090E0ED /* Preferences-Interactor.swift */; };
		8396F00D1BE2D7B2007DF30B /* MainWindow.xib in Resources */ = {isa = PBXBuildFile; fileRef = 8373D8801BDFB18E0018B0ED /* MainWindow.xib */; };
		8396F00E1BE2D7B2007DF30B /* PreferencesWindow.xib in Resources */ = {isa = PBXBuildFile; fileRef = 8373D8821BDFE5670018B0ED /* PreferencesWindow.xib */; };
		8396F00F1BE2D846007DF30B /* Main.storyboard in Resources */ = {isa = PBXBuildFile; fileRef = 8313A9D61BDA0AB7005B365C /* Main.storyboard */; };
		8396F0121BE35728007DF30B /* ReactiveCocoa.framework in Frameworks */ = {isa = PBXBuildFile; fileRef = 8396F0101BE35728007DF30B /* ReactiveCocoa.framework */; };
		8396F0131BE35728007DF30B /* ReactiveCocoa.framework in Embed Frameworks */ = {isa = PBXBuildFile; fileRef = 8396F0101BE35728007DF30B /* ReactiveCocoa.framework */; settings = {ATTRIBUTES = (CodeSignOnCopy, RemoveHeadersOnCopy, ); }; };
		8396F0141BE35728007DF30B /* Result.framework in Frameworks */ = {isa = PBXBuildFile; fileRef = 8396F0111BE35728007DF30B /* Result.framework */; };
		8396F0151BE35728007DF30B /* Result.framework in Embed Frameworks */ = {isa = PBXBuildFile; fileRef = 8396F0111BE35728007DF30B /* Result.framework */; settings = {ATTRIBUTES = (CodeSignOnCopy, RemoveHeadersOnCopy, ); }; };
		83E991481BE783B40094E5F9 /* SwiftyJSON.framework in Frameworks */ = {isa = PBXBuildFile; fileRef = 83E991471BE783B40094E5F9 /* SwiftyJSON.framework */; };
		83E991491BE783CB0094E5F9 /* SwiftyJSON.framework in Frameworks */ = {isa = PBXBuildFile; fileRef = 83E991471BE783B40094E5F9 /* SwiftyJSON.framework */; };
		83E9914A1BE783D60094E5F9 /* SwiftyJSON.framework in Embed Frameworks */ = {isa = PBXBuildFile; fileRef = 83E991471BE783B40094E5F9 /* SwiftyJSON.framework */; settings = {ATTRIBUTES = (CodeSignOnCopy, RemoveHeadersOnCopy, ); }; };
/* End PBXBuildFile section */

/* Begin PBXContainerItemProxy section */
		8396F0001BE2D53E007DF30B /* PBXContainerItemProxy */ = {
			isa = PBXContainerItemProxy;
			containerPortal = 8313A9C51BDA0AB7005B365C /* Project object */;
			proxyType = 1;
			remoteGlobalIDString = 8313A9CC1BDA0AB7005B365C;
			remoteInfo = Dialogue;
		};
/* End PBXContainerItemProxy section */

/* Begin PBXCopyFilesBuildPhase section */
		8396F0161BE35728007DF30B /* Embed Frameworks */ = {
			isa = PBXCopyFilesBuildPhase;
			buildActionMask = 2147483647;
			dstPath = "";
			dstSubfolderSpec = 10;
			files = (
				8396F0131BE35728007DF30B /* ReactiveCocoa.framework in Embed Frameworks */,
				8396F0151BE35728007DF30B /* Result.framework in Embed Frameworks */,
				83E9914A1BE783D60094E5F9 /* SwiftyJSON.framework in Embed Frameworks */,
			);
			name = "Embed Frameworks";
			runOnlyForDeploymentPostprocessing = 0;
		};
/* End PBXCopyFilesBuildPhase section */

/* Begin PBXFileReference section */
		5A4168D3E6BA5182F31D9B0C /* Main-Servicefactory.swift */ = {isa = PBXFileReference; fileEncoding = 4; lastKnownFileType = sourcecode.swift; path = "Main-Servicefactory.swift"; sourceTree = "<group>"; };
		5A416F1104FCE8957B6C8CAE /* Main-Interactor.swift */ = {isa = PBXFileReference; fileEncoding = 4; lastKnownFileType = sourcecode.swift; path = "Main-Interactor.swift"; sourceTree = "<group>"; };
		8313A9CD1BDA0AB7005B365C /* Dialogue.app */ = {isa = PBXFileReference; explicitFileType = wrapper.application; includeInIndex = 0; path = Dialogue.app; sourceTree = BUILT_PRODUCTS_DIR; };
		8313A9D01BDA0AB7005B365C /* AppDelegate.swift */ = {isa = PBXFileReference; lastKnownFileType = sourcecode.swift; path = AppDelegate.swift; sourceTree = "<group>"; };
		8313A9D41BDA0AB7005B365C /* Assets.xcassets */ = {isa = PBXFileReference; lastKnownFileType = folder.assetcatalog; path = Assets.xcassets; sourceTree = "<group>"; };
		8313A9D71BDA0AB7005B365C /* Base */ = {isa = PBXFileReference; lastKnownFileType = file.storyboard; name = Base; path = Base.lproj/Main.storyboard; sourceTree = "<group>"; };
		8313A9D91BDA0AB7005B365C /* Info.plist */ = {isa = PBXFileReference; lastKnownFileType = text.plist.xml; path = Info.plist; sourceTree = "<group>"; };
		83481DD71BE9E8B100C1CF58 /* Mocked.swift */ = {isa = PBXFileReference; fileEncoding = 4; lastKnownFileType = sourcecode.swift; path = Mocked.swift; sourceTree = "<group>"; };
		83481DD91BE9E9B400C1CF58 /* DT2.swift */ = {isa = PBXFileReference; fileEncoding = 4; lastKnownFileType = sourcecode.swift; path = DT2.swift; sourceTree = "<group>"; };
		83481DDB1BE9EA5900C1CF58 /* Main-Boundry.swift */ = {isa = PBXFileReference; fileEncoding = 4; lastKnownFileType = sourcecode.swift; path = "Main-Boundry.swift"; sourceTree = "<group>"; };
		83481DDF1BE9EE0700C1CF58 /* API_Gist.swift */ = {isa = PBXFileReference; fileEncoding = 4; lastKnownFileType = sourcecode.swift; path = API_Gist.swift; sourceTree = "<group>"; };
		83481DE21BE9EE5000C1CF58 /* API_Boundry.swift */ = {isa = PBXFileReference; fileEncoding = 4; lastKnownFileType = sourcecode.swift; path = API_Boundry.swift; sourceTree = "<group>"; };
		83481DE51BEA09F200C1CF58 /* API_Mock.swift */ = {isa = PBXFileReference; fileEncoding = 4; lastKnownFileType = sourcecode.swift; path = API_Mock.swift; sourceTree = "<group>"; };
		8373D8751BDF72C10018B0ED /* Main-Protocols.swift */ = {isa = PBXFileReference; fileEncoding = 4; lastKnownFileType = sourcecode.swift; path = "Main-Protocols.swift"; sourceTree = "<group>"; };
		8373D8771BDF72C60018B0ED /* Main.swift */ = {isa = PBXFileReference; fileEncoding = 4; lastKnownFileType = sourcecode.swift; path = Main.swift; sourceTree = "<group>"; };
		8373D87C1BDF730F0018B0ED /* Preferences.swift */ = {isa = PBXFileReference; fileEncoding = 4; lastKnownFileType = sourcecode.swift; path = Preferences.swift; sourceTree = "<group>"; };
		8373D87E1BDF74060018B0ED /* Preferences-Protocols.swift */ = {isa = PBXFileReference; fileEncoding = 4; lastKnownFileType = sourcecode.swift; path = "Preferences-Protocols.swift"; sourceTree = "<group>"; };
		8373D8801BDFB18E0018B0ED /* MainWindow.xib */ = {isa = PBXFileReference; fileEncoding = 4; lastKnownFileType = file.xib; path = MainWindow.xib; sourceTree = "<group>"; };
		8373D8821BDFE5670018B0ED /* PreferencesWindow.xib */ = {isa = PBXFileReference; fileEncoding = 4; lastKnownFileType = file.xib; path = PreferencesWindow.xib; sourceTree = "<group>"; };
		8373D8851BDFFE5C0018B0ED /* Datamanagers.swift */ = {isa = PBXFileReference; fileEncoding = 4; lastKnownFileType = sourcecode.swift; path = Datamanagers.swift; sourceTree = "<group>"; };
		837905CA1BE22BF60090E0ED /* Utilities.swift */ = {isa = PBXFileReference; fileEncoding = 4; lastKnownFileType = sourcecode.swift; path = Utilities.swift; sourceTree = "<group>"; };
		837905CC1BE25F4F0090E0ED /* Preferences-Interactor.swift */ = {isa = PBXFileReference; fileEncoding = 4; lastKnownFileType = sourcecode.swift; path = "Preferences-Interactor.swift"; sourceTree = "<group>"; };
		8396EFFB1BE2D53E007DF30B /* DialogueTests.xctest */ = {isa = PBXFileReference; explicitFileType = wrapper.cfbundle; includeInIndex = 0; path = DialogueTests.xctest; sourceTree = BUILT_PRODUCTS_DIR; };
		8396EFFD1BE2D53E007DF30B /* DialogueTests.swift */ = {isa = PBXFileReference; lastKnownFileType = sourcecode.swift; path = DialogueTests.swift; sourceTree = "<group>"; };
		8396EFFF1BE2D53E007DF30B /* Info.plist */ = {isa = PBXFileReference; lastKnownFileType = text.plist.xml; path = Info.plist; sourceTree = "<group>"; };
		8396F0101BE35728007DF30B /* ReactiveCocoa.framework */ = {isa = PBXFileReference; lastKnownFileType = wrapper.framework; name = ReactiveCocoa.framework; path = Carthage/Build/Mac/ReactiveCocoa.framework; sourceTree = "<group>"; };
		8396F0111BE35728007DF30B /* Result.framework */ = {isa = PBXFileReference; lastKnownFileType = wrapper.framework; name = Result.framework; path = Carthage/Build/Mac/Result.framework; sourceTree = "<group>"; };
		83E991471BE783B40094E5F9 /* SwiftyJSON.framework */ = {isa = PBXFileReference; lastKnownFileType = wrapper.framework; name = SwiftyJSON.framework; path = Carthage/Build/Mac/SwiftyJSON.framework; sourceTree = "<group>"; };
/* End PBXFileReference section */

/* Begin PBXFrameworksBuildPhase section */
		8313A9CA1BDA0AB7005B365C /* Frameworks */ = {
			isa = PBXFrameworksBuildPhase;
			buildActionMask = 2147483647;
			files = (
				8396F0121BE35728007DF30B /* ReactiveCocoa.framework in Frameworks */,
				8396F0141BE35728007DF30B /* Result.framework in Frameworks */,
				83E991491BE783CB0094E5F9 /* SwiftyJSON.framework in Frameworks */,
			);
			runOnlyForDeploymentPostprocessing = 0;
		};
		8396EFF81BE2D53E007DF30B /* Frameworks */ = {
			isa = PBXFrameworksBuildPhase;
			buildActionMask = 2147483647;
			files = (
				838CE9BB1BE35E8000034AFD /* ReactiveCocoa.framework in Frameworks */,
				838CE9BC1BE35E8000034AFD /* Result.framework in Frameworks */,
				83E991481BE783B40094E5F9 /* SwiftyJSON.framework in Frameworks */,
			);
			runOnlyForDeploymentPostprocessing = 0;
		};
/* End PBXFrameworksBuildPhase section */

/* Begin PBXGroup section */
		5A416395A37AE9DAD36E2812 /* Services */ = {
			isa = PBXGroup;
			children = (
				5A4168D3E6BA5182F31D9B0C /* Main-Servicefactory.swift */,
			);
			name = Services;
			sourceTree = "<group>";
		};
		8313A9C41BDA0AB7005B365C = {
			isa = PBXGroup;
			children = (
				83E991471BE783B40094E5F9 /* SwiftyJSON.framework */,
				8396F0101BE35728007DF30B /* ReactiveCocoa.framework */,
				8396F0111BE35728007DF30B /* Result.framework */,
				8313A9CF1BDA0AB7005B365C /* Dialogue */,
				8396EFFC1BE2D53E007DF30B /* DialogueTests */,
				8313A9CE1BDA0AB7005B365C /* Products */,
			);
			sourceTree = "<group>";
		};
		8313A9CE1BDA0AB7005B365C /* Products */ = {
			isa = PBXGroup;
			children = (
				8313A9CD1BDA0AB7005B365C /* Dialogue.app */,
				8396EFFB1BE2D53E007DF30B /* DialogueTests.xctest */,
			);
			name = Products;
			sourceTree = "<group>";
		};
		8313A9CF1BDA0AB7005B365C /* Dialogue */ = {
			isa = PBXGroup;
			children = (
				8313A9D01BDA0AB7005B365C /* AppDelegate.swift */,
				8313A9D41BDA0AB7005B365C /* Assets.xcassets */,
				8313A9D61BDA0AB7005B365C /* Main.storyboard */,
				8313A9D91BDA0AB7005B365C /* Info.plist */,
				837905CE1BE261170090E0ED /* Common */,
				8373D8791BDF72CB0018B0ED /* Modules */,
			);
			path = Dialogue;
			sourceTree = "<group>";
		};
		83310DFF1BE0F95900C948D9 /* First */ = {
			isa = PBXGroup;
			children = (
				5A416395A37AE9DAD36E2812 /* Services */,
				83481DDE1BE9EDEC00C1CF58 /* API */,
				8373D8801BDFB18E0018B0ED /* MainWindow.xib */,
				8373D8751BDF72C10018B0ED /* Main-Protocols.swift */,
				8373D8771BDF72C60018B0ED /* Main.swift */,
				5A416F1104FCE8957B6C8CAE /* Main-Interactor.swift */,
				83481DDB1BE9EA5900C1CF58 /* Main-Boundry.swift */,
			);
			name = First;
			sourceTree = "<group>";
		};
		83310E001BE0F98C00C948D9 /* Preferences */ = {
			isa = PBXGroup;
			children = (
				8373D8821BDFE5670018B0ED /* PreferencesWindow.xib */,
				8373D87E1BDF74060018B0ED /* Preferences-Protocols.swift */,
				8373D87C1BDF730F0018B0ED /* Preferences.swift */,
				837905CC1BE25F4F0090E0ED /* Preferences-Interactor.swift */,
			);
			name = Preferences;
			sourceTree = "<group>";
		};
		83481DD61BE9E89700C1CF58 /* Mocks */ = {
			isa = PBXGroup;
			children = (
				83481DD71BE9E8B100C1CF58 /* Mocked.swift */,
			);
			name = Mocks;
			sourceTree = "<group>";
		};
		83481DDE1BE9EDEC00C1CF58 /* API */ = {
			isa = PBXGroup;
			children = (
				83481DDF1BE9EE0700C1CF58 /* API_Gist.swift */,
				83481DE21BE9EE5000C1CF58 /* API_Boundry.swift */,
				83481DE51BEA09F200C1CF58 /* API_Mock.swift */,
			);
			name = API;
			sourceTree = "<group>";
		};
		8373D8791BDF72CB0018B0ED /* Modules */ = {
			isa = PBXGroup;
			children = (
				83310DFF1BE0F95900C948D9 /* First */,
				83310E001BE0F98C00C948D9 /* Preferences */,
			);
			name = Modules;
			sourceTree = "<group>";
		};
		837905CE1BE261170090E0ED /* Common */ = {
			isa = PBXGroup;
			children = (
				837905CA1BE22BF60090E0ED /* Utilities.swift */,
				8373D8851BDFFE5C0018B0ED /* Datamanagers.swift */,
			);
			name = Common;
			sourceTree = "<group>";
		};
		8396EFFC1BE2D53E007DF30B /* DialogueTests */ = {
			isa = PBXGroup;
			children = (
				83481DD61BE9E89700C1CF58 /* Mocks */,
				8396EFFD1BE2D53E007DF30B /* DialogueTests.swift */,
				8396EFFF1BE2D53E007DF30B /* Info.plist */,
				83481DD91BE9E9B400C1CF58 /* DT2.swift */,
			);
			path = DialogueTests;
			sourceTree = "<group>";
		};
/* End PBXGroup section */

/* Begin PBXNativeTarget section */
		8313A9CC1BDA0AB7005B365C /* Dialogue */ = {
			isa = PBXNativeTarget;
			buildConfigurationList = 8313A9DC1BDA0AB7005B365C /* Build configuration list for PBXNativeTarget "Dialogue" */;
			buildPhases = (
				8313A9C91BDA0AB7005B365C /* Sources */,
				8313A9CA1BDA0AB7005B365C /* Frameworks */,
				8313A9CB1BDA0AB7005B365C /* Resources */,
				8396F0161BE35728007DF30B /* Embed Frameworks */,
			);
			buildRules = (
			);
			dependencies = (
			);
			name = Dialogue;
			productName = Dialogue;
			productReference = 8313A9CD1BDA0AB7005B365C /* Dialogue.app */;
			productType = "com.apple.product-type.application";
		};
		8396EFFA1BE2D53E007DF30B /* DialogueTests */ = {
			isa = PBXNativeTarget;
			buildConfigurationList = 8396F0041BE2D53E007DF30B /* Build configuration list for PBXNativeTarget "DialogueTests" */;
			buildPhases = (
				8396EFF71BE2D53E007DF30B /* Sources */,
				8396EFF81BE2D53E007DF30B /* Frameworks */,
				8396EFF91BE2D53E007DF30B /* Resources */,
			);
			buildRules = (
			);
			dependencies = (
				8396F0011BE2D53E007DF30B /* PBXTargetDependency */,
			);
			name = DialogueTests;
			productName = DialogueTests;
			productReference = 8396EFFB1BE2D53E007DF30B /* DialogueTests.xctest */;
			productType = "com.apple.product-type.bundle.unit-test";
		};
/* End PBXNativeTarget section */

/* Begin PBXProject section */
		8313A9C51BDA0AB7005B365C /* Project object */ = {
			isa = PBXProject;
			attributes = {
				LastSwiftUpdateCheck = 0710;
				LastUpgradeCheck = 0710;
				ORGANIZATIONNAME = "Chris Patrick Schreiner";
				TargetAttributes = {
					8313A9CC1BDA0AB7005B365C = {
						CreatedOnToolsVersion = 7.1;
					};
					8396EFFA1BE2D53E007DF30B = {
						CreatedOnToolsVersion = 7.1;
						TestTargetID = 8313A9CC1BDA0AB7005B365C;
					};
				};
			};
			buildConfigurationList = 8313A9C81BDA0AB7005B365C /* Build configuration list for PBXProject "Dialogue" */;
			compatibilityVersion = "Xcode 3.2";
			developmentRegion = English;
			hasScannedForEncodings = 0;
			knownRegions = (
				en,
				Base,
			);
			mainGroup = 8313A9C41BDA0AB7005B365C;
			productRefGroup = 8313A9CE1BDA0AB7005B365C /* Products */;
			projectDirPath = "";
			projectRoot = "";
			targets = (
				8313A9CC1BDA0AB7005B365C /* Dialogue */,
				8396EFFA1BE2D53E007DF30B /* DialogueTests */,
			);
		};
/* End PBXProject section */

/* Begin PBXResourcesBuildPhase section */
		8313A9CB1BDA0AB7005B365C /* Resources */ = {
			isa = PBXResourcesBuildPhase;
			buildActionMask = 2147483647;
			files = (
				8373D8831BDFE5670018B0ED /* PreferencesWindow.xib in Resources */,
				8373D8811BDFB18E0018B0ED /* MainWindow.xib in Resources */,
				8313A9D51BDA0AB7005B365C /* Assets.xcassets in Resources */,
				8313A9D81BDA0AB7005B365C /* Main.storyboard in Resources */,
			);
			runOnlyForDeploymentPostprocessing = 0;
		};
		8396EFF91BE2D53E007DF30B /* Resources */ = {
			isa = PBXResourcesBuildPhase;
			buildActionMask = 2147483647;
			files = (
				8396F00F1BE2D846007DF30B /* Main.storyboard in Resources */,
				8396F00E1BE2D7B2007DF30B /* PreferencesWindow.xib in Resources */,
				8396F00D1BE2D7B2007DF30B /* MainWindow.xib in Resources */,
			);
			runOnlyForDeploymentPostprocessing = 0;
		};
/* End PBXResourcesBuildPhase section */

/* Begin PBXSourcesBuildPhase section */
		8313A9C91BDA0AB7005B365C /* Sources */ = {
			isa = PBXSourcesBuildPhase;
			buildActionMask = 2147483647;
			files = (
				8373D87D1BDF730F0018B0ED /* Preferences.swift in Sources */,
				83481DE01BE9EE0700C1CF58 /* API_Gist.swift in Sources */,
				8313A9D11BDA0AB7005B365C /* AppDelegate.swift in Sources */,
				8373D8761BDF72C10018B0ED /* Main-Protocols.swift in Sources */,
				8373D87F1BDF74060018B0ED /* Preferences-Protocols.swift in Sources */,
				8373D8781BDF72C60018B0ED /* Main.swift in Sources */,
				83481DE61BEA09F200C1CF58 /* API_Mock.swift in Sources */,
				8373D8861BDFFE5C0018B0ED /* Datamanagers.swift in Sources */,
				837905CB1BE22BF60090E0ED /* Utilities.swift in Sources */,
				837905CD1BE25F4F0090E0ED /* Preferences-Interactor.swift in Sources */,
				5A4160503A10716081F9A2F3 /* Main-Interactor.swift in Sources */,
				83481DE31BE9EE5000C1CF58 /* API_Boundry.swift in Sources */,
				83481DDC1BE9EA5900C1CF58 /* Main-Boundry.swift in Sources */,
				5A416FFD3D6762D15CBA0263 /* Main-Servicefactory.swift in Sources */,
			);
			runOnlyForDeploymentPostprocessing = 0;
		};
		8396EFF71BE2D53E007DF30B /* Sources */ = {
			isa = PBXSourcesBuildPhase;
			buildActionMask = 2147483647;
			files = (
				83481DE41BE9FE3800C1CF58 /* API_Boundry.swift in Sources */,
				83481DD81BE9E8B100C1CF58 /* Mocked.swift in Sources */,
				8396F0061BE2D69C007DF30B /* Main.swift in Sources */,
				83481DE11BE9EE2300C1CF58 /* API_Gist.swift in Sources */,
				8396F0071BE2D69C007DF30B /* Main-Interactor.swift in Sources */,
				8396F0051BE2D69C007DF30B /* Main-Protocols.swift in Sources */,
				83481DE71BEA0A5300C1CF58 /* API_Mock.swift in Sources */,
				8396F0081BE2D6F5007DF30B /* Utilities.swift in Sources */,
				83481DDA1BE9E9B400C1CF58 /* DT2.swift in Sources */,
				8396F0091BE2D6F5007DF30B /* Datamanagers.swift in Sources */,
				8396F00B1BE2D78E007DF30B /* Preferences.swift in Sources */,
				8396F00C1BE2D78E007DF30B /* Preferences-Interactor.swift in Sources */,
				8396F00A1BE2D78E007DF30B /* Preferences-Protocols.swift in Sources */,
				83481DDD1BE9EC2600C1CF58 /* Main-Boundry.swift in Sources */,
				5A4160AEE6AADB4FB4EC7806 /* Main-Servicefactory.swift in Sources */,
			);
			runOnlyForDeploymentPostprocessing = 0;
		};
/* End PBXSourcesBuildPhase section */

/* Begin PBXTargetDependency section */
		8396F0011BE2D53E007DF30B /* PBXTargetDependency */ = {
			isa = PBXTargetDependency;
			target = 8313A9CC1BDA0AB7005B365C /* Dialogue */;
			targetProxy = 8396F0001BE2D53E007DF30B /* PBXContainerItemProxy */;
		};
/* End PBXTargetDependency section */

/* Begin PBXVariantGroup section */
		8313A9D61BDA0AB7005B365C /* Main.storyboard */ = {
			isa = PBXVariantGroup;
			children = (
				8313A9D71BDA0AB7005B365C /* Base */,
			);
			name = Main.storyboard;
			sourceTree = "<group>";
		};
/* End PBXVariantGroup section */

/* Begin XCBuildConfiguration section */
		8313A9DA1BDA0AB7005B365C /* Debug */ = {
			isa = XCBuildConfiguration;
			buildSettings = {
				ALWAYS_SEARCH_USER_PATHS = NO;
				CLANG_CXX_LANGUAGE_STANDARD = "gnu++0x";
				CLANG_CXX_LIBRARY = "libc++";
				CLANG_ENABLE_MODULES = YES;
				CLANG_ENABLE_OBJC_ARC = YES;
				CLANG_WARN_BOOL_CONVERSION = YES;
				CLANG_WARN_CONSTANT_CONVERSION = YES;
				CLANG_WARN_DIRECT_OBJC_ISA_USAGE = YES_ERROR;
				CLANG_WARN_EMPTY_BODY = YES;
				CLANG_WARN_ENUM_CONVERSION = YES;
				CLANG_WARN_INT_CONVERSION = YES;
				CLANG_WARN_OBJC_ROOT_CLASS = YES_ERROR;
				CLANG_WARN_UNREACHABLE_CODE = YES;
				CLANG_WARN__DUPLICATE_METHOD_MATCH = YES;
				CODE_SIGN_IDENTITY = "-";
				COPY_PHASE_STRIP = NO;
				DEBUG_INFORMATION_FORMAT = dwarf;
				ENABLE_STRICT_OBJC_MSGSEND = YES;
				ENABLE_TESTABILITY = YES;
				GCC_C_LANGUAGE_STANDARD = gnu99;
				GCC_DYNAMIC_NO_PIC = NO;
				GCC_NO_COMMON_BLOCKS = YES;
				GCC_OPTIMIZATION_LEVEL = 0;
				GCC_PREPROCESSOR_DEFINITIONS = (
					"DEBUG=1",
					"$(inherited)",
				);
				GCC_WARN_64_TO_32_BIT_CONVERSION = YES;
				GCC_WARN_ABOUT_RETURN_TYPE = YES_ERROR;
				GCC_WARN_UNDECLARED_SELECTOR = YES;
				GCC_WARN_UNINITIALIZED_AUTOS = YES_AGGRESSIVE;
				GCC_WARN_UNUSED_FUNCTION = YES;
				GCC_WARN_UNUSED_VARIABLE = YES;
				MACOSX_DEPLOYMENT_TARGET = 10.11;
				MTL_ENABLE_DEBUG_INFO = YES;
				ONLY_ACTIVE_ARCH = YES;
				SDKROOT = macosx;
				SWIFT_OPTIMIZATION_LEVEL = "-Onone";
			};
			name = Debug;
		};
		8313A9DB1BDA0AB7005B365C /* Release */ = {
			isa = XCBuildConfiguration;
			buildSettings = {
				ALWAYS_SEARCH_USER_PATHS = NO;
				CLANG_CXX_LANGUAGE_STANDARD = "gnu++0x";
				CLANG_CXX_LIBRARY = "libc++";
				CLANG_ENABLE_MODULES = YES;
				CLANG_ENABLE_OBJC_ARC = YES;
				CLANG_WARN_BOOL_CONVERSION = YES;
				CLANG_WARN_CONSTANT_CONVERSION = YES;
				CLANG_WARN_DIRECT_OBJC_ISA_USAGE = YES_ERROR;
				CLANG_WARN_EMPTY_BODY = YES;
				CLANG_WARN_ENUM_CONVERSION = YES;
				CLANG_WARN_INT_CONVERSION = YES;
				CLANG_WARN_OBJC_ROOT_CLASS = YES_ERROR;
				CLANG_WARN_UNREACHABLE_CODE = YES;
				CLANG_WARN__DUPLICATE_METHOD_MATCH = YES;
				CODE_SIGN_IDENTITY = "-";
				COPY_PHASE_STRIP = NO;
				DEBUG_INFORMATION_FORMAT = "dwarf-with-dsym";
				ENABLE_NS_ASSERTIONS = NO;
				ENABLE_STRICT_OBJC_MSGSEND = YES;
				GCC_C_LANGUAGE_STANDARD = gnu99;
				GCC_NO_COMMON_BLOCKS = YES;
				GCC_WARN_64_TO_32_BIT_CONVERSION = YES;
				GCC_WARN_ABOUT_RETURN_TYPE = YES_ERROR;
				GCC_WARN_UNDECLARED_SELECTOR = YES;
				GCC_WARN_UNINITIALIZED_AUTOS = YES_AGGRESSIVE;
				GCC_WARN_UNUSED_FUNCTION = YES;
				GCC_WARN_UNUSED_VARIABLE = YES;
				MACOSX_DEPLOYMENT_TARGET = 10.11;
				MTL_ENABLE_DEBUG_INFO = NO;
				SDKROOT = macosx;
			};
			name = Release;
		};
		8313A9DD1BDA0AB7005B365C /* Debug */ = {
			isa = XCBuildConfiguration;
			buildSettings = {
				ASSETCATALOG_COMPILER_APPICON_NAME = AppIcon;
				COMBINE_HIDPI_IMAGES = YES;
				FRAMEWORK_SEARCH_PATHS = (
					"$(inherited)",
					"$(PROJECT_DIR)/Carthage/Build/Mac",
				);
				INFOPLIST_FILE = Dialogue/Info.plist;
				LD_RUNPATH_SEARCH_PATHS = "$(inherited) @executable_path/../Frameworks";
				PRODUCT_BUNDLE_IDENTIFIER = com.schpaencoder.Dialogue;
				PRODUCT_NAME = "$(TARGET_NAME)";
			};
			name = Debug;
		};
		8313A9DE1BDA0AB7005B365C /* Release */ = {
			isa = XCBuildConfiguration;
			buildSettings = {
				ASSETCATALOG_COMPILER_APPICON_NAME = AppIcon;
				COMBINE_HIDPI_IMAGES = YES;
				FRAMEWORK_SEARCH_PATHS = (
					"$(inherited)",
					"$(PROJECT_DIR)/Carthage/Build/Mac",
				);
				INFOPLIST_FILE = Dialogue/Info.plist;
				LD_RUNPATH_SEARCH_PATHS = "$(inherited) @executable_path/../Frameworks";
				PRODUCT_BUNDLE_IDENTIFIER = com.schpaencoder.Dialogue;
				PRODUCT_NAME = "$(TARGET_NAME)";
			};
			name = Release;
		};
		8396F0021BE2D53E007DF30B /* Debug */ = {
			isa = XCBuildConfiguration;
			buildSettings = {
				BUNDLE_LOADER = "$(TEST_HOST)";
				COMBINE_HIDPI_IMAGES = YES;
				FRAMEWORK_SEARCH_PATHS = (
					"$(inherited)",
					"$(PROJECT_DIR)/Carthage/Build/Mac",
				);
				INFOPLIST_FILE = DialogueTests/Info.plist;
				LD_RUNPATH_SEARCH_PATHS = "$(inherited) @executable_path/../Frameworks @loader_path/../Frameworks";
				PRODUCT_BUNDLE_IDENTIFIER = com.schpaencoder.DialogueTests;
				PRODUCT_NAME = "$(TARGET_NAME)";
				TEST_HOST = "$(BUILT_PRODUCTS_DIR)/Dialogue.app/Contents/MacOS/Dialogue";
			};
			name = Debug;
		};
		8396F0031BE2D53E007DF30B /* Release */ = {
			isa = XCBuildConfiguration;
			buildSettings = {
				BUNDLE_LOADER = "$(TEST_HOST)";
				COMBINE_HIDPI_IMAGES = YES;
				FRAMEWORK_SEARCH_PATHS = (
					"$(inherited)",
					"$(PROJECT_DIR)/Carthage/Build/Mac",
				);
				INFOPLIST_FILE = DialogueTests/Info.plist;
				LD_RUNPATH_SEARCH_PATHS = "$(inherited) @executable_path/../Frameworks @loader_path/../Frameworks";
				PRODUCT_BUNDLE_IDENTIFIER = com.schpaencoder.DialogueTests;
				PRODUCT_NAME = "$(TARGET_NAME)";
				TEST_HOST = "$(BUILT_PRODUCTS_DIR)/Dialogue.app/Contents/MacOS/Dialogue";
			};
			name = Release;
		};
/* End XCBuildConfiguration section */

/* Begin XCConfigurationList section */
		8313A9C81BDA0AB7005B365C /* Build configuration list for PBXProject "Dialogue" */ = {
			isa = XCConfigurationList;
			buildConfigurations = (
				8313A9DA1BDA0AB7005B365C /* Debug */,
				8313A9DB1BDA0AB7005B365C /* Release */,
			);
			defaultConfigurationIsVisible = 0;
			defaultConfigurationName = Release;
		};
		8313A9DC1BDA0AB7005B365C /* Build configuration list for PBXNativeTarget "Dialogue" */ = {
			isa = XCConfigurationList;
			buildConfigurations = (
				8313A9DD1BDA0AB7005B365C /* Debug */,
				8313A9DE1BDA0AB7005B365C /* Release */,
			);
			defaultConfigurationIsVisible = 0;
			defaultConfigurationName = Release;
		};
		8396F0041BE2D53E007DF30B /* Build configuration list for PBXNativeTarget "DialogueTests" */ = {
			isa = XCConfigurationList;
			buildConfigurations = (
				8396F0021BE2D53E007DF30B /* Debug */,
				8396F0031BE2D53E007DF30B /* Release */,
			);
			defaultConfigurationIsVisible = 0;
			defaultConfigurationName = Release;
		};
/* End XCConfigurationList section */
	};
	rootObject = 8313A9C51BDA0AB7005B365C /* Project object */;
}
